
Microsoft Visual Studio Solution File, Format Version 12.00
# Visual Studio Version 17
VisualStudioVersion = 17.9.34310.174
MinimumVisualStudioVersion = 10.0.40219.1
Project("{9A19103F-16F7-4668-BE54-9A1E7A4F7556}") = "FFVII.DiscCountdown", "FFVII.DiscCountdown\FFVII.DiscCountdown.csproj", "{ABEF1EA1-39D0-46C7-ACE9-3103787DA0E8}"
EndProject
Project("{2150E333-8FDC-42A3-9474-1A3956D46DE8}") = "Solution Items", "Solution Items", "{C6485C99-51F2-4672-A254-F0D05BDC4FF2}"
	ProjectSection(SolutionItems) = preProject
		build.sh = build.sh
		LICENSE = LICENSE
		README.md = README.md
	EndProjectSection
EndProject
Global
	GlobalSection(SolutionConfigurationPlatforms) = preSolution
		Debug|Any CPU = Debug|Any CPU
		Release|Any CPU = Release|Any CPU
	EndGlobalSection
	GlobalSection(ProjectConfigurationPlatforms) = postSolution
		{ABEF1EA1-39D0-46C7-ACE9-3103787DA0E8}.Debug|Any CPU.ActiveCfg = Debug|Any CPU
		{ABEF1EA1-39D0-46C7-ACE9-3103787DA0E8}.Debug|Any CPU.Build.0 = Debug|Any CPU
		{ABEF1EA1-39D0-46C7-ACE9-3103787DA0E8}.Release|Any CPU.ActiveCfg = Release|Any CPU
		{ABEF1EA1-39D0-46C7-ACE9-3103787DA0E8}.Release|Any CPU.Build.0 = Release|Any CPU
	EndGlobalSection
	GlobalSection(SolutionProperties) = preSolution
		HideSolutionNode = FALSE
	EndGlobalSection
	GlobalSection(ExtensibilityGlobals) = postSolution
		SolutionGuid = {F7C93EF0-446C-4A82-900C-69608B05327E}
	EndGlobalSection
EndGlobal
